// !$*UTF8*$!
{
	archiveVersion = 1;
	classes = {
	};
	objectVersion = 56;
	objects = {

/* Begin PBXBuildFile section */
		4D2D208A2B8FC92700EA0F60 /* SpeechRecognitionManager.swift in Sources */ = {isa = PBXBuildFile; fileRef = 4D2D20892B8FC92700EA0F60 /* SpeechRecognitionManager.swift */; };
		4D94E43A2B994AFF0076CC58 /* OptionsView.swift in Sources */ = {isa = PBXBuildFile; fileRef = 4D94E4392B994AFE0076CC58 /* OptionsView.swift */; };
		4D94E43C2B99526A0076CC58 /* Private.swift in Sources */ = {isa = PBXBuildFile; fileRef = 4D94E43B2B99526A0076CC58 /* Private.swift */; };
		4DEB8A132B8A5918001E4161 /* RealityKitContent in Frameworks */ = {isa = PBXBuildFile; productRef = 4DEB8A122B8A5918001E4161 /* RealityKitContent */; };
		4DEB8A152B8A5918001E4161 /* VoiceChatBot_VisionProApp.swift in Sources */ = {isa = PBXBuildFile; fileRef = 4DEB8A142B8A5918001E4161 /* VoiceChatBot_VisionProApp.swift */; };
		4DEB8A172B8A5918001E4161 /* ContentView.swift in Sources */ = {isa = PBXBuildFile; fileRef = 4DEB8A162B8A5918001E4161 /* ContentView.swift */; };
		4DEB8A192B8A591A001E4161 /* Assets.xcassets in Resources */ = {isa = PBXBuildFile; fileRef = 4DEB8A182B8A591A001E4161 /* Assets.xcassets */; };
		4DEB8A1C2B8A591A001E4161 /* Preview Assets.xcassets in Resources */ = {isa = PBXBuildFile; fileRef = 4DEB8A1B2B8A591A001E4161 /* Preview Assets.xcassets */; };
/* End PBXBuildFile section */

/* Begin PBXFileReference section */
		4D2D20892B8FC92700EA0F60 /* SpeechRecognitionManager.swift */ = {isa = PBXFileReference; lastKnownFileType = sourcecode.swift; path = SpeechRecognitionManager.swift; sourceTree = "<group>"; };
		4D94E4392B994AFE0076CC58 /* OptionsView.swift */ = {isa = PBXFileReference; lastKnownFileType = sourcecode.swift; path = OptionsView.swift; sourceTree = "<group>"; };
		4D94E43B2B99526A0076CC58 /* Private.swift */ = {isa = PBXFileReference; lastKnownFileType = sourcecode.swift; path = Private.swift; sourceTree = "<group>"; };
		4DEB8A0D2B8A5918001E4161 /* VoiceChatBot-VisionPro.app */ = {isa = PBXFileReference; explicitFileType = wrapper.application; includeInIndex = 0; path = "VoiceChatBot-VisionPro.app"; sourceTree = BUILT_PRODUCTS_DIR; };
		4DEB8A112B8A5918001E4161 /* RealityKitContent */ = {isa = PBXFileReference; lastKnownFileType = wrapper; path = RealityKitContent; sourceTree = "<group>"; };
		4DEB8A142B8A5918001E4161 /* VoiceChatBot_VisionProApp.swift */ = {isa = PBXFileReference; lastKnownFileType = sourcecode.swift; path = VoiceChatBot_VisionProApp.swift; sourceTree = "<group>"; };
		4DEB8A162B8A5918001E4161 /* ContentView.swift */ = {isa = PBXFileReference; lastKnownFileType = sourcecode.swift; path = ContentView.swift; sourceTree = "<group>"; };
		4DEB8A182B8A591A001E4161 /* Assets.xcassets */ = {isa = PBXFileReference; lastKnownFileType = folder.assetcatalog; path = Assets.xcassets; sourceTree = "<group>"; };
		4DEB8A1B2B8A591A001E4161 /* Preview Assets.xcassets */ = {isa = PBXFileReference; lastKnownFileType = folder.assetcatalog; path = "Preview Assets.xcassets"; sourceTree = "<group>"; };
		4DEB8A1D2B8A591A001E4161 /* Info.plist */ = {isa = PBXFileReference; lastKnownFileType = text.plist.xml; path = Info.plist; sourceTree = "<group>"; };
/* End PBXFileReference section */

/* Begin PBXFrameworksBuildPhase section */
		4DEB8A0A2B8A5918001E4161 /* Frameworks */ = {
			isa = PBXFrameworksBuildPhase;
			buildActionMask = 2147483647;
			files = (
				4DEB8A132B8A5918001E4161 /* RealityKitContent in Frameworks */,
			);
			runOnlyForDeploymentPostprocessing = 0;
		};
/* End PBXFrameworksBuildPhase section */

/* Begin PBXGroup section */
		4DEB8A042B8A5918001E4161 = {
			isa = PBXGroup;
			children = (
				4DEB8A0F2B8A5918001E4161 /* VoiceChatBot-VisionPro */,
				4DEB8A102B8A5918001E4161 /* Packages */,
				4DEB8A0E2B8A5918001E4161 /* Products */,
			);
			sourceTree = "<group>";
		};
		4DEB8A0E2B8A5918001E4161 /* Products */ = {
			isa = PBXGroup;
			children = (
				4DEB8A0D2B8A5918001E4161 /* VoiceChatBot-VisionPro.app */,
			);
			name = Products;
			sourceTree = "<group>";
		};
		4DEB8A0F2B8A5918001E4161 /* VoiceChatBot-VisionPro */ = {
			isa = PBXGroup;
			children = (
				4DEB8A142B8A5918001E4161 /* VoiceChatBot_VisionProApp.swift */,
				4D2D20892B8FC92700EA0F60 /* SpeechRecognitionManager.swift */,
				4DEB8A162B8A5918001E4161 /* ContentView.swift */,
				4D94E4392B994AFE0076CC58 /* OptionsView.swift */,
				4D94E43B2B99526A0076CC58 /* Private.swift */,
				4DEB8A182B8A591A001E4161 /* Assets.xcassets */,
				4DEB8A1D2B8A591A001E4161 /* Info.plist */,
				4DEB8A1A2B8A591A001E4161 /* Preview Content */,
			);
			path = "VoiceChatBot-VisionPro";
			sourceTree = "<group>";
		};
		4DEB8A102B8A5918001E4161 /* Packages */ = {
			isa = PBXGroup;
			children = (
				4DEB8A112B8A5918001E4161 /* RealityKitContent */,
			);
			path = Packages;
			sourceTree = "<group>";
		};
		4DEB8A1A2B8A591A001E4161 /* Preview Content */ = {
			isa = PBXGroup;
			children = (
				4DEB8A1B2B8A591A001E4161 /* Preview Assets.xcassets */,
			);
			path = "Preview Content";
			sourceTree = "<group>";
		};
/* End PBXGroup section */

/* Begin PBXNativeTarget section */
		4DEB8A0C2B8A5918001E4161 /* VoiceChatBot-VisionPro */ = {
			isa = PBXNativeTarget;
			buildConfigurationList = 4DEB8A202B8A591A001E4161 /* Build configuration list for PBXNativeTarget "VoiceChatBot-VisionPro" */;
			buildPhases = (
				4DEB8A092B8A5918001E4161 /* Sources */,
				4DEB8A0A2B8A5918001E4161 /* Frameworks */,
				4DEB8A0B2B8A5918001E4161 /* Resources */,
			);
			buildRules = (
			);
			dependencies = (
			);
			name = "VoiceChatBot-VisionPro";
			packageProductDependencies = (
				4DEB8A122B8A5918001E4161 /* RealityKitContent */,
			);
			productName = "VoiceChatBot-VisionPro";
			productReference = 4DEB8A0D2B8A5918001E4161 /* VoiceChatBot-VisionPro.app */;
			productType = "com.apple.product-type.application";
		};
/* End PBXNativeTarget section */

/* Begin PBXProject section */
		4DEB8A052B8A5918001E4161 /* Project object */ = {
			isa = PBXProject;
			attributes = {
				BuildIndependentTargetsInParallel = 1;
				LastSwiftUpdateCheck = 1520;
				LastUpgradeCheck = 1520;
				TargetAttributes = {
					4DEB8A0C2B8A5918001E4161 = {
						CreatedOnToolsVersion = 15.2;
					};
				};
			};
			buildConfigurationList = 4DEB8A082B8A5918001E4161 /* Build configuration list for PBXProject "VoiceChatBot-VisionPro" */;
			compatibilityVersion = "Xcode 14.0";
			developmentRegion = en;
			hasScannedForEncodings = 0;
			knownRegions = (
				en,
				Base,
			);
			mainGroup = 4DEB8A042B8A5918001E4161;
			productRefGroup = 4DEB8A0E2B8A5918001E4161 /* Products */;
			projectDirPath = "";
			projectRoot = "";
			targets = (
				4DEB8A0C2B8A5918001E4161 /* VoiceChatBot-VisionPro */,
			);
		};
/* End PBXProject section */

/* Begin PBXResourcesBuildPhase section */
		4DEB8A0B2B8A5918001E4161 /* Resources */ = {
			isa = PBXResourcesBuildPhase;
			buildActionMask = 2147483647;
			files = (
				4DEB8A1C2B8A591A001E4161 /* Preview Assets.xcassets in Resources */,
				4DEB8A192B8A591A001E4161 /* Assets.xcassets in Resources */,
			);
			runOnlyForDeploymentPostprocessing = 0;
		};
/* End PBXResourcesBuildPhase section */

/* Begin PBXSourcesBuildPhase section */
		4DEB8A092B8A5918001E4161 /* Sources */ = {
			isa = PBXSourcesBuildPhase;
			buildActionMask = 2147483647;
			files = (
				4D2D208A2B8FC92700EA0F60 /* SpeechRecognitionManager.swift in Sources */,
				4DEB8A172B8A5918001E4161 /* ContentView.swift in Sources */,
				4D94E43C2B99526A0076CC58 /* Private.swift in Sources */,
				4DEB8A152B8A5918001E4161 /* VoiceChatBot_VisionProApp.swift in Sources */,
				4D94E43A2B994AFF0076CC58 /* OptionsView.swift in Sources */,
			);
			runOnlyForDeploymentPostprocessing = 0;
		};
/* End PBXSourcesBuildPhase section */

/* Begin XCBuildConfiguration section */
		4DEB8A1E2B8A591A001E4161 /* Debug */ = {
			isa = XCBuildConfiguration;
			buildSettings = {
				ALWAYS_SEARCH_USER_PATHS = NO;
				ASSETCATALOG_COMPILER_GENERATE_SWIFT_ASSET_SYMBOL_EXTENSIONS = YES;
				CLANG_ANALYZER_NONNULL = YES;
				CLANG_ANALYZER_NUMBER_OBJECT_CONVERSION = YES_AGGRESSIVE;
				CLANG_CXX_LANGUAGE_STANDARD = "gnu++20";
				CLANG_ENABLE_MODULES = YES;
				CLANG_ENABLE_OBJC_ARC = YES;
				CLANG_ENABLE_OBJC_WEAK = YES;
				CLANG_WARN_BLOCK_CAPTURE_AUTORELEASING = YES;
				CLANG_WARN_BOOL_CONVERSION = YES;
				CLANG_WARN_COMMA = YES;
				CLANG_WARN_CONSTANT_CONVERSION = YES;
				CLANG_WARN_DEPRECATED_OBJC_IMPLEMENTATIONS = YES;
				CLANG_WARN_DIRECT_OBJC_ISA_USAGE = YES_ERROR;
				CLANG_WARN_DOCUMENTATION_COMMENTS = YES;
				CLANG_WARN_EMPTY_BODY = YES;
				CLANG_WARN_ENUM_CONVERSION = YES;
				CLANG_WARN_INFINITE_RECURSION = YES;
				CLANG_WARN_INT_CONVERSION = YES;
				CLANG_WARN_NON_LITERAL_NULL_CONVERSION = YES;
				CLANG_WARN_OBJC_IMPLICIT_RETAIN_SELF = YES;
				CLANG_WARN_OBJC_LITERAL_CONVERSION = YES;
				CLANG_WARN_OBJC_ROOT_CLASS = YES_ERROR;
				CLANG_WARN_QUOTED_INCLUDE_IN_FRAMEWORK_HEADER = YES;
				CLANG_WARN_RANGE_LOOP_ANALYSIS = YES;
				CLANG_WARN_STRICT_PROTOTYPES = YES;
				CLANG_WARN_SUSPICIOUS_MOVE = YES;
				CLANG_WARN_UNGUARDED_AVAILABILITY = YES_AGGRESSIVE;
				CLANG_WARN_UNREACHABLE_CODE = YES;
				CLANG_WARN__DUPLICATE_METHOD_MATCH = YES;
				COPY_PHASE_STRIP = NO;
				DEBUG_INFORMATION_FORMAT = dwarf;
				ENABLE_STRICT_OBJC_MSGSEND = YES;
				ENABLE_TESTABILITY = YES;
				ENABLE_USER_SCRIPT_SANDBOXING = YES;
				GCC_C_LANGUAGE_STANDARD = gnu17;
				GCC_DYNAMIC_NO_PIC = NO;
				GCC_NO_COMMON_BLOCKS = YES;
				GCC_OPTIMIZATION_LEVEL = 0;
				GCC_PREPROCESSOR_DEFINITIONS = (
					"DEBUG=1",
					"$(inherited)",
				);
				GCC_WARN_64_TO_32_BIT_CONVERSION = YES;
				GCC_WARN_ABOUT_RETURN_TYPE = YES_ERROR;
				GCC_WARN_UNDECLARED_SELECTOR = YES;
				GCC_WARN_UNINITIALIZED_AUTOS = YES_AGGRESSIVE;
				GCC_WARN_UNUSED_FUNCTION = YES;
				GCC_WARN_UNUSED_VARIABLE = YES;
				LOCALIZATION_PREFERS_STRING_CATALOGS = YES;
				MTL_ENABLE_DEBUG_INFO = INCLUDE_SOURCE;
				MTL_FAST_MATH = YES;
				ONLY_ACTIVE_ARCH = YES;
				SDKROOT = xros;
				SWIFT_ACTIVE_COMPILATION_CONDITIONS = "DEBUG $(inherited)";
				SWIFT_OPTIMIZATION_LEVEL = "-Onone";
				XROS_DEPLOYMENT_TARGET = 1.0;
			};
			name = Debug;
		};
		4DEB8A1F2B8A591A001E4161 /* Release */ = {
			isa = XCBuildConfiguration;
			buildSettings = {
				ALWAYS_SEARCH_USER_PATHS = NO;
				ASSETCATALOG_COMPILER_GENERATE_SWIFT_ASSET_SYMBOL_EXTENSIONS = YES;
				CLANG_ANALYZER_NONNULL = YES;
				CLANG_ANALYZER_NUMBER_OBJECT_CONVERSION = YES_AGGRESSIVE;
				CLANG_CXX_LANGUAGE_STANDARD = "gnu++20";
				CLANG_ENABLE_MODULES = YES;
				CLANG_ENABLE_OBJC_ARC = YES;
				CLANG_ENABLE_OBJC_WEAK = YES;
				CLANG_WARN_BLOCK_CAPTURE_AUTORELEASING = YES;
				CLANG_WARN_BOOL_CONVERSION = YES;
				CLANG_WARN_COMMA = YES;
				CLANG_WARN_CONSTANT_CONVERSION = YES;
				CLANG_WARN_DEPRECATED_OBJC_IMPLEMENTATIONS = YES;
				CLANG_WARN_DIRECT_OBJC_ISA_USAGE = YES_ERROR;
				CLANG_WARN_DOCUMENTATION_COMMENTS = YES;
				CLANG_WARN_EMPTY_BODY = YES;
				CLANG_WARN_ENUM_CONVERSION = YES;
				CLANG_WARN_INFINITE_RECURSION = YES;
				CLANG_WARN_INT_CONVERSION = YES;
				CLANG_WARN_NON_LITERAL_NULL_CONVERSION = YES;
				CLANG_WARN_OBJC_IMPLICIT_RETAIN_SELF = YES;
				CLANG_WARN_OBJC_LITERAL_CONVERSION = YES;
				CLANG_WARN_OBJC_ROOT_CLASS = YES_ERROR;
				CLANG_WARN_QUOTED_INCLUDE_IN_FRAMEWORK_HEADER = YES;
				CLANG_WARN_RANGE_LOOP_ANALYSIS = YES;
				CLANG_WARN_STRICT_PROTOTYPES = YES;
				CLANG_WARN_SUSPICIOUS_MOVE = YES;
				CLANG_WARN_UNGUARDED_AVAILABILITY = YES_AGGRESSIVE;
				CLANG_WARN_UNREACHABLE_CODE = YES;
				CLANG_WARN__DUPLICATE_METHOD_MATCH = YES;
				COPY_PHASE_STRIP = NO;
				DEBUG_INFORMATION_FORMAT = "dwarf-with-dsym";
				ENABLE_NS_ASSERTIONS = NO;
				ENABLE_STRICT_OBJC_MSGSEND = YES;
				ENABLE_USER_SCRIPT_SANDBOXING = YES;
				GCC_C_LANGUAGE_STANDARD = gnu17;
				GCC_NO_COMMON_BLOCKS = YES;
				GCC_WARN_64_TO_32_BIT_CONVERSION = YES;
				GCC_WARN_ABOUT_RETURN_TYPE = YES_ERROR;
				GCC_WARN_UNDECLARED_SELECTOR = YES;
				GCC_WARN_UNINITIALIZED_AUTOS = YES_AGGRESSIVE;
				GCC_WARN_UNUSED_FUNCTION = YES;
				GCC_WARN_UNUSED_VARIABLE = YES;
				LOCALIZATION_PREFERS_STRING_CATALOGS = YES;
				MTL_ENABLE_DEBUG_INFO = NO;
				MTL_FAST_MATH = YES;
				SDKROOT = xros;
				SWIFT_COMPILATION_MODE = wholemodule;
				VALIDATE_PRODUCT = YES;
				XROS_DEPLOYMENT_TARGET = 1.0;
			};
			name = Release;
		};
		4DEB8A212B8A591A001E4161 /* Debug */ = {
			isa = XCBuildConfiguration;
			buildSettings = {
				ASSETCATALOG_COMPILER_APPICON_NAME = AppIcon;
				ASSETCATALOG_COMPILER_GLOBAL_ACCENT_COLOR_NAME = AccentColor;
				CODE_SIGN_STYLE = Automatic;
				CURRENT_PROJECT_VERSION = 1;
				DEVELOPMENT_ASSET_PATHS = "\"VoiceChatBot-VisionPro/Preview Content\"";
				ENABLE_PREVIEWS = YES;
				GENERATE_INFOPLIST_FILE = YES;
				INFOPLIST_FILE = "$(TARGET_NAME)/Info.plist";
				LD_RUNPATH_SEARCH_PATHS = (
					"$(inherited)",
					"@executable_path/Frameworks",
				);
				MARKETING_VERSION = 1.0;
				PRODUCT_BUNDLE_IDENTIFIER = "com.siddanthraja.VoiceChatBot-VisionPro";
				PRODUCT_NAME = "$(TARGET_NAME)";
				SUPPORTED_PLATFORMS = "xros xrsimulator";
				SWIFT_EMIT_LOC_STRINGS = YES;
				SWIFT_VERSION = 5.0;
				TARGETED_DEVICE_FAMILY = "1,2,7";
			};
			name = Debug;
		};
		4DEB8A222B8A591A001E4161 /* Release */ = {
			isa = XCBuildConfiguration;
			buildSettings = {
				ASSETCATALOG_COMPILER_APPICON_NAME = AppIcon;
				ASSETCATALOG_COMPILER_GLOBAL_ACCENT_COLOR_NAME = AccentColor;
				CODE_SIGN_STYLE = Automatic;
				CURRENT_PROJECT_VERSION = 1;
				DEVELOPMENT_ASSET_PATHS = "\"VoiceChatBot-VisionPro/Preview Content\"";
				ENABLE_PREVIEWS = YES;
				GENERATE_INFOPLIST_FILE = YES;
				INFOPLIST_FILE = "$(TARGET_NAME)/Info.plist";
				LD_RUNPATH_SEARCH_PATHS = (
					"$(inherited)",
					"@executable_path/Frameworks",
				);
				MARKETING_VERSION = 1.0;
				PRODUCT_BUNDLE_IDENTIFIER = "com.siddanthraja.VoiceChatBot-VisionPro";
				PRODUCT_NAME = "$(TARGET_NAME)";
				SUPPORTED_PLATFORMS = "xros xrsimulator";
				SWIFT_EMIT_LOC_STRINGS = YES;
				SWIFT_VERSION = 5.0;
				TARGETED_DEVICE_FAMILY = "1,2,7";
			};
			name = Release;
		};
/* End XCBuildConfiguration section */

/* Begin XCConfigurationList section */
		4DEB8A082B8A5918001E4161 /* Build configuration list for PBXProject "VoiceChatBot-VisionPro" */ = {
			isa = XCConfigurationList;
			buildConfigurations = (
				4DEB8A1E2B8A591A001E4161 /* Debug */,
				4DEB8A1F2B8A591A001E4161 /* Release */,
			);
			defaultConfigurationIsVisible = 0;
			defaultConfigurationName = Release;
		};
		4DEB8A202B8A591A001E4161 /* Build configuration list for PBXNativeTarget "VoiceChatBot-VisionPro" */ = {
			isa = XCConfigurationList;
			buildConfigurations = (
				4DEB8A212B8A591A001E4161 /* Debug */,
				4DEB8A222B8A591A001E4161 /* Release */,
			);
			defaultConfigurationIsVisible = 0;
			defaultConfigurationName = Release;
		};
/* End XCConfigurationList section */

/* Begin XCSwiftPackageProductDependency section */
		4DEB8A122B8A5918001E4161 /* RealityKitContent */ = {
			isa = XCSwiftPackageProductDependency;
			productName = RealityKitContent;
		};
/* End XCSwiftPackageProductDependency section */
	};
	rootObject = 4DEB8A052B8A5918001E4161 /* Project object */;
}
